// !$*UTF8*$!
{
	archiveVersion = 1;
	classes = {
	};
	objectVersion = 46;
	objects = {

/* Begin PBXBuildFile section */
		DBC59AA91F732FD800F5339B /* main.m in Sources */ = {isa = PBXBuildFile; fileRef = DBC59AA81F732FD800F5339B /* main.m */; };
		DBC59AAC1F732FD800F5339B /* AppDelegate.m in Sources */ = {isa = PBXBuildFile; fileRef = DBC59AAB1F732FD800F5339B /* AppDelegate.m */; };
		DBC59AAF1F732FD800F5339B /* Home.m in Sources */ = {isa = PBXBuildFile; fileRef = DBC59AAE1F732FD800F5339B /* Home.m */; };
		DBC59AB21F732FD800F5339B /* Main.storyboard in Resources */ = {isa = PBXBuildFile; fileRef = DBC59AB01F732FD800F5339B /* Main.storyboard */; };
		DBC59AB51F732FD800F5339B /* Mi_primera_Tabla.xcdatamodeld in Sources */ = {isa = PBXBuildFile; fileRef = DBC59AB31F732FD800F5339B /* Mi_primera_Tabla.xcdatamodeld */; };
		DBC59AB71F732FD800F5339B /* Assets.xcassets in Resources */ = {isa = PBXBuildFile; fileRef = DBC59AB61F732FD800F5339B /* Assets.xcassets */; };
		DBC59ABA1F732FD900F5339B /* LaunchScreen.storyboard in Resources */ = {isa = PBXBuildFile; fileRef = DBC59AB81F732FD900F5339B /* LaunchScreen.storyboard */; };
		DBC59AC71F7336C300F5339B /* CellMainTable.m in Sources */ = {isa = PBXBuildFile; fileRef = DBC59AC51F7336C300F5339B /* CellMainTable.m */; };
		DBC59AC81F7336C300F5339B /* CellMainTable.xib in Resources */ = {isa = PBXBuildFile; fileRef = DBC59AC61F7336C300F5339B /* CellMainTable.xib */; };
		DBC59ACA1F7339EF00F5339B /* Imagen in Resources */ = {isa = PBXBuildFile; fileRef = DBC59AC91F7339EF00F5339B /* Imagen */; };
/* End PBXBuildFile section */

/* Begin PBXFileReference section */
		DBC59AA41F732FD800F5339B /* Mi primera Tabla.app */ = {isa = PBXFileReference; explicitFileType = wrapper.application; includeInIndex = 0; path = "Mi primera Tabla.app"; sourceTree = BUILT_PRODUCTS_DIR; };
		DBC59AA81F732FD800F5339B /* main.m */ = {isa = PBXFileReference; lastKnownFileType = sourcecode.c.objc; path = main.m; sourceTree = "<group>"; };
		DBC59AAA1F732FD800F5339B /* AppDelegate.h */ = {isa = PBXFileReference; lastKnownFileType = sourcecode.c.h; path = AppDelegate.h; sourceTree = "<group>"; };
		DBC59AAB1F732FD800F5339B /* AppDelegate.m */ = {isa = PBXFileReference; lastKnownFileType = sourcecode.c.objc; path = AppDelegate.m; sourceTree = "<group>"; };
		DBC59AAD1F732FD800F5339B /* Home.h */ = {isa = PBXFileReference; lastKnownFileType = sourcecode.c.h; path = Home.h; sourceTree = "<group>"; };
		DBC59AAE1F732FD800F5339B /* Home.m */ = {isa = PBXFileReference; lastKnownFileType = sourcecode.c.objc; path = Home.m; sourceTree = "<group>"; };
		DBC59AB11F732FD800F5339B /* Base */ = {isa = PBXFileReference; lastKnownFileType = file.storyboard; name = Base; path = Base.lproj/Main.storyboard; sourceTree = "<group>"; };
		DBC59AB41F732FD800F5339B /* Mi_primera_Tabla.xcdatamodel */ = {isa = PBXFileReference; lastKnownFileType = wrapper.xcdatamodel; path = Mi_primera_Tabla.xcdatamodel; sourceTree = "<group>"; };
		DBC59AB61F732FD800F5339B /* Assets.xcassets */ = {isa = PBXFileReference; lastKnownFileType = folder.assetcatalog; path = Assets.xcassets; sourceTree = "<group>"; };
		DBC59AB91F732FD900F5339B /* Base */ = {isa = PBXFileReference; lastKnownFileType = file.storyboard; name = Base; path = Base.lproj/LaunchScreen.storyboard; sourceTree = "<group>"; };
		DBC59ABB1F732FD900F5339B /* Info.plist */ = {isa = PBXFileReference; lastKnownFileType = text.plist.xml; path = Info.plist; sourceTree = "<group>"; };
		DBC59AC41F7336C300F5339B /* CellMainTable.h */ = {isa = PBXFileReference; fileEncoding = 4; lastKnownFileType = sourcecode.c.h; path = CellMainTable.h; sourceTree = "<group>"; };
		DBC59AC51F7336C300F5339B /* CellMainTable.m */ = {isa = PBXFileReference; fileEncoding = 4; lastKnownFileType = sourcecode.c.objc; path = CellMainTable.m; sourceTree = "<group>"; };
		DBC59AC61F7336C300F5339B /* CellMainTable.xib */ = {isa = PBXFileReference; fileEncoding = 4; lastKnownFileType = file.xib; path = CellMainTable.xib; sourceTree = "<group>"; };
		DBC59AC91F7339EF00F5339B /* Imagen */ = {isa = PBXFileReference; lastKnownFileType = folder; path = Imagen; sourceTree = "<group>"; };
/* End PBXFileReference section */

/* Begin PBXFrameworksBuildPhase section */
		DBC59AA11F732FD800F5339B /* Frameworks */ = {
			isa = PBXFrameworksBuildPhase;
			buildActionMask = 2147483647;
			files = (
			);
			runOnlyForDeploymentPostprocessing = 0;
		};
/* End PBXFrameworksBuildPhase section */

/* Begin PBXGroup section */
		DBC59A9B1F732FD800F5339B = {
			isa = PBXGroup;
			children = (
				DBC59AA61F732FD800F5339B /* Mi primera Tabla */,
				DBC59AA51F732FD800F5339B /* Products */,
			);
			sourceTree = "<group>";
		};
		DBC59AA51F732FD800F5339B /* Products */ = {
			isa = PBXGroup;
			children = (
				DBC59AA41F732FD800F5339B /* Mi primera Tabla.app */,
			);
			name = Products;
			sourceTree = "<group>";
		};
		DBC59AA61F732FD800F5339B /* Mi primera Tabla */ = {
			isa = PBXGroup;
			children = (
				DBC59AC91F7339EF00F5339B /* Imagen */,
				DBC59AC31F73363100F5339B /* Cells */,
				DBC59AC11F732FE500F5339B /* Main */,
				DBC59AC21F73300B00F5339B /* Controllers */,
				DBC59AB01F732FD800F5339B /* Main.storyboard */,
				DBC59AB61F732FD800F5339B /* Assets.xcassets */,
				DBC59AB81F732FD900F5339B /* LaunchScreen.storyboard */,
				DBC59ABB1F732FD900F5339B /* Info.plist */,
				DBC59AB31F732FD800F5339B /* Mi_primera_Tabla.xcdatamodeld */,
				DBC59AA71F732FD800F5339B /* Supporting Files */,
			);
			path = "Mi primera Tabla";
			sourceTree = "<group>";
		};
		DBC59AA71F732FD800F5339B /* Supporting Files */ = {
			isa = PBXGroup;
			children = (
				DBC59AA81F732FD800F5339B /* main.m */,
			);
			name = "Supporting Files";
			sourceTree = "<group>";
		};
		DBC59AC11F732FE500F5339B /* Main */ = {
			isa = PBXGroup;
			children = (
				DBC59AAA1F732FD800F5339B /* AppDelegate.h */,
				DBC59AAB1F732FD800F5339B /* AppDelegate.m */,
			);
			name = Main;
			sourceTree = "<group>";
		};
		DBC59AC21F73300B00F5339B /* Controllers */ = {
			isa = PBXGroup;
			children = (
				DBC59AAD1F732FD800F5339B /* Home.h */,
				DBC59AAE1F732FD800F5339B /* Home.m */,
			);
			name = Controllers;
			sourceTree = "<group>";
		};
		DBC59AC31F73363100F5339B /* Cells */ = {
			isa = PBXGroup;
			children = (
				DBC59AC41F7336C300F5339B /* CellMainTable.h */,
				DBC59AC51F7336C300F5339B /* CellMainTable.m */,
				DBC59AC61F7336C300F5339B /* CellMainTable.xib */,
			);
			name = Cells;
			sourceTree = "<group>";
		};
/* End PBXGroup section */

/* Begin PBXNativeTarget section */
		DBC59AA31F732FD800F5339B /* Mi primera Tabla */ = {
			isa = PBXNativeTarget;
			buildConfigurationList = DBC59ABE1F732FD900F5339B /* Build configuration list for PBXNativeTarget "Mi primera Tabla" */;
			buildPhases = (
				DBC59AA01F732FD800F5339B /* Sources */,
				DBC59AA11F732FD800F5339B /* Frameworks */,
				DBC59AA21F732FD800F5339B /* Resources */,
			);
			buildRules = (
			);
			dependencies = (
			);
			name = "Mi primera Tabla";
			productName = "Mi primera Tabla";
			productReference = DBC59AA41F732FD800F5339B /* Mi primera Tabla.app */;
			productType = "com.apple.product-type.application";
		};
/* End PBXNativeTarget section */

/* Begin PBXProject section */
		DBC59A9C1F732FD800F5339B /* Project object */ = {
			isa = PBXProject;
			attributes = {
				LastUpgradeCheck = 0830;
				ORGANIZATIONNAME = 2drink;
				TargetAttributes = {
					DBC59AA31F732FD800F5339B = {
						CreatedOnToolsVersion = 8.3.3;
						ProvisioningStyle = Automatic;
					};
				};
			};
			buildConfigurationList = DBC59A9F1F732FD800F5339B /* Build configuration list for PBXProject "Mi primera Tabla" */;
			compatibilityVersion = "Xcode 3.2";
			developmentRegion = English;
			hasScannedForEncodings = 0;
			knownRegions = (
				en,
				Base,
			);
			mainGroup = DBC59A9B1F732FD800F5339B;
			productRefGroup = DBC59AA51F732FD800F5339B /* Products */;
			projectDirPath = "";
			projectRoot = "";
			targets = (
				DBC59AA31F732FD800F5339B /* Mi primera Tabla */,
			);
		};
/* End PBXProject section */

/* Begin PBXResourcesBuildPhase section */
		DBC59AA21F732FD800F5339B /* Resources */ = {
			isa = PBXResourcesBuildPhase;
			buildActionMask = 2147483647;
			files = (
				DBC59ACA1F7339EF00F5339B /* Imagen in Resources */,
				DBC59ABA1F732FD900F5339B /* LaunchScreen.storyboard in Resources */,
				DBC59AB71F732FD800F5339B /* Assets.xcassets in Resources */,
				DBC59AB21F732FD800F5339B /* Main.storyboard in Resources */,
				DBC59AC81F7336C300F5339B /* CellMainTable.xib in Resources */,
			);
			runOnlyForDeploymentPostprocessing = 0;
		};
/* End PBXResourcesBuildPhase section */

/* Begin PBXSourcesBuildPhase section */
		DBC59AA01F732FD800F5339B /* Sources */ = {
			isa = PBXSourcesBuildPhase;
			buildActionMask = 2147483647;
			files = (
				DBC59AAF1F732FD800F5339B /* Home.m in Sources */,
				DBC59AB51F732FD800F5339B /* Mi_primera_Tabla.xcdatamodeld in Sources */,
				DBC59AAC1F732FD800F5339B /* AppDelegate.m in Sources */,
				DBC59AA91F732FD800F5339B /* main.m in Sources */,
				DBC59AC71F7336C300F5339B /* CellMainTable.m in Sources */,
			);
			runOnlyForDeploymentPostprocessing = 0;
		};
/* End PBXSourcesBuildPhase section */

/* Begin PBXVariantGroup section */
		DBC59AB01F732FD800F5339B /* Main.storyboard */ = {
			isa = PBXVariantGroup;
			children = (
				DBC59AB11F732FD800F5339B /* Base */,
			);
			name = Main.storyboard;
			sourceTree = "<group>";
		};
		DBC59AB81F732FD900F5339B /* LaunchScreen.storyboard */ = {
			isa = PBXVariantGroup;
			children = (
				DBC59AB91F732FD900F5339B /* Base */,
			);
			name = LaunchScreen.storyboard;
			sourceTree = "<group>";
		};
/* End PBXVariantGroup section */

/* Begin XCBuildConfiguration section */
		DBC59ABC1F732FD900F5339B /* Debug */ = {
			isa = XCBuildConfiguration;
			buildSettings = {
				ALWAYS_SEARCH_USER_PATHS = NO;
				CLANG_ANALYZER_NONNULL = YES;
				CLANG_ANALYZER_NUMBER_OBJECT_CONVERSION = YES_AGGRESSIVE;
				CLANG_CXX_LANGUAGE_STANDARD = "gnu++0x";
				CLANG_CXX_LIBRARY = "libc++";
				CLANG_ENABLE_MODULES = YES;
				CLANG_ENABLE_OBJC_ARC = YES;
				CLANG_WARN_BOOL_CONVERSION = YES;
				CLANG_WARN_CONSTANT_CONVERSION = YES;
				CLANG_WARN_DIRECT_OBJC_ISA_USAGE = YES_ERROR;
				CLANG_WARN_DOCUMENTATION_COMMENTS = YES;
				CLANG_WARN_EMPTY_BODY = YES;
				CLANG_WARN_ENUM_CONVERSION = YES;
				CLANG_WARN_INFINITE_RECURSION = YES;
				CLANG_WARN_INT_CONVERSION = YES;
				CLANG_WARN_OBJC_ROOT_CLASS = YES_ERROR;
				CLANG_WARN_SUSPICIOUS_MOVE = YES;
				CLANG_WARN_UNREACHABLE_CODE = YES;
				CLANG_WARN__DUPLICATE_METHOD_MATCH = YES;
				"CODE_SIGN_IDENTITY[sdk=iphoneos*]" = "iPhone Developer";
				COPY_PHASE_STRIP = NO;
				DEBUG_INFORMATION_FORMAT = dwarf;
				ENABLE_STRICT_OBJC_MSGSEND = YES;
				ENABLE_TESTABILITY = YES;
				GCC_C_LANGUAGE_STANDARD = gnu99;
				GCC_DYNAMIC_NO_PIC = NO;
				GCC_NO_COMMON_BLOCKS = YES;
				GCC_OPTIMIZATION_LEVEL = 0;
				GCC_PREPROCESSOR_DEFINITIONS = (
					"DEBUG=1",
					"$(inherited)",
				);
				GCC_WARN_64_TO_32_BIT_CONVERSION = YES;
				GCC_WARN_ABOUT_RETURN_TYPE = YES_ERROR;
				GCC_WARN_UNDECLARED_SELECTOR = YES;
				GCC_WARN_UNINITIALIZED_AUTOS = YES_AGGRESSIVE;
				GCC_WARN_UNUSED_FUNCTION = YES;
				GCC_WARN_UNUSED_VARIABLE = YES;
				IPHONEOS_DEPLOYMENT_TARGET = 10.3;
				MTL_ENABLE_DEBUG_INFO = YES;
				ONLY_ACTIVE_ARCH = YES;
				SDKROOT = iphoneos;
			};
			name = Debug;
		};
		DBC59ABD1F732FD900F5339B /* Release */ = {
			isa = XCBuildConfiguration;
			buildSettings = {
				ALWAYS_SEARCH_USER_PATHS = NO;
				CLANG_ANALYZER_NONNULL = YES;
				CLANG_ANALYZER_NUMBER_OBJECT_CONVERSION = YES_AGGRESSIVE;
				CLANG_CXX_LANGUAGE_STANDARD = "gnu++0x";
				CLANG_CXX_LIBRARY = "libc++";
				CLANG_ENABLE_MODULES = YES;
				CLANG_ENABLE_OBJC_ARC = YES;
				CLANG_WARN_BOOL_CONVERSION = YES;
				CLANG_WARN_CONSTANT_CONVERSION = YES;
				CLANG_WARN_DIRECT_OBJC_ISA_USAGE = YES_ERROR;
				CLANG_WARN_DOCUMENTATION_COMMENTS = YES;
				CLANG_WARN_EMPTY_BODY = YES;
				CLANG_WARN_ENUM_CONVERSION = YES;
				CLANG_WARN_INFINITE_RECURSION = YES;
				CLANG_WARN_INT_CONVERSION = YES;
				CLANG_WARN_OBJC_ROOT_CLASS = YES_ERROR;
				CLANG_WARN_SUSPICIOUS_MOVE = YES;
				CLANG_WARN_UNREACHABLE_CODE = YES;
				CLANG_WARN__DUPLICATE_METHOD_MATCH = YES;
				"CODE_SIGN_IDENTITY[sdk=iphoneos*]" = "iPhone Developer";
				COPY_PHASE_STRIP = NO;
				DEBUG_INFORMATION_FORMAT = "dwarf-with-dsym";
				ENABLE_NS_ASSERTIONS = NO;
				ENABLE_STRICT_OBJC_MSGSEND = YES;
				GCC_C_LANGUAGE_STANDARD = gnu99;
				GCC_NO_COMMON_BLOCKS = YES;
				GCC_WARN_64_TO_32_BIT_CONVERSION = YES;
				GCC_WARN_ABOUT_RETURN_TYPE = YES_ERROR;
				GCC_WARN_UNDECLARED_SELECTOR = YES;
				GCC_WARN_UNINITIALIZED_AUTOS = YES_AGGRESSIVE;
				GCC_WARN_UNUSED_FUNCTION = YES;
				GCC_WARN_UNUSED_VARIABLE = YES;
				IPHONEOS_DEPLOYMENT_TARGET = 10.3;
				MTL_ENABLE_DEBUG_INFO = NO;
				SDKROOT = iphoneos;
				VALIDATE_PRODUCT = YES;
			};
			name = Release;
		};
		DBC59ABF1F732FD900F5339B /* Debug */ = {
			isa = XCBuildConfiguration;
			buildSettings = {
				ASSETCATALOG_COMPILER_APPICON_NAME = AppIcon;
				INFOPLIST_FILE = "Mi primera Tabla/Info.plist";
				LD_RUNPATH_SEARCH_PATHS = "$(inherited) @executable_path/Frameworks";
				PRODUCT_BUNDLE_IDENTIFIER = "com.2drink.Mi-primera-Tabla";
				PRODUCT_NAME = "$(TARGET_NAME)";
			};
			name = Debug;
		};
		DBC59AC01F732FD900F5339B /* Release */ = {
			isa = XCBuildConfiguration;
			buildSettings = {
				ASSETCATALOG_COMPILER_APPICON_NAME = AppIcon;
				INFOPLIST_FILE = "Mi primera Tabla/Info.plist";
				LD_RUNPATH_SEARCH_PATHS = "$(inherited) @executable_path/Frameworks";
				PRODUCT_BUNDLE_IDENTIFIER = "com.2drink.Mi-primera-Tabla";
				PRODUCT_NAME = "$(TARGET_NAME)";
			};
			name = Release;
		};
/* End XCBuildConfiguration section */

/* Begin XCConfigurationList section */
		DBC59A9F1F732FD800F5339B /* Build configuration list for PBXProject "Mi primera Tabla" */ = {
			isa = XCConfigurationList;
			buildConfigurations = (
				DBC59ABC1F732FD900F5339B /* Debug */,
				DBC59ABD1F732FD900F5339B /* Release */,
			);
			defaultConfigurationIsVisible = 0;
			defaultConfigurationName = Release;
		};
		DBC59ABE1F732FD900F5339B /* Build configuration list for PBXNativeTarget "Mi primera Tabla" */ = {
			isa = XCConfigurationList;
			buildConfigurations = (
				DBC59ABF1F732FD900F5339B /* Debug */,
				DBC59AC01F732FD900F5339B /* Release */,
			);
			defaultConfigurationIsVisible = 0;
		};
/* End XCConfigurationList section */

/* Begin XCVersionGroup section */
		DBC59AB31F732FD800F5339B /* Mi_primera_Tabla.xcdatamodeld */ = {
			isa = XCVersionGroup;
			children = (
				DBC59AB41F732FD800F5339B /* Mi_primera_Tabla.xcdatamodel */,
			);
			currentVersion = DBC59AB41F732FD800F5339B /* Mi_primera_Tabla.xcdatamodel */;
			path = Mi_primera_Tabla.xcdatamodeld;
			sourceTree = "<group>";
			versionGroupType = wrapper.xcdatamodel;
		};
/* End XCVersionGroup section */
	};
	rootObject = DBC59A9C1F732FD800F5339B /* Project object */;
}
